
Microsoft Visual Studio Solution File, Format Version 12.00
# Visual Studio Version 16
VisualStudioVersion = 16.0.29519.87
MinimumVisualStudioVersion = 10.0.40219.1
Project("{9A19103F-16F7-4668-BE54-9A1E7A4F7556}") = "ClassLibrary", "ClassLibrary\ClassLibrary.csproj", "{44C74CD8-63D1-4638-8A08-830072E530F9}"
EndProject
Project("{2150E333-8FDC-42A3-9474-1A3956D46DE8}") = "Section 2", "Section 2", "{46AA9EE3-CA97-40B6-A9AD-E61C071ADFBA}"
EndProject
Project("{FAE04EC0-301F-11D3-BF4B-00C04F79EFBC}") = "UnitTestProject1", "UnitTestProject1\UnitTestProject1.csproj", "{20D3F873-8129-4387-84B9-6EC0BAB51A1F}"
	ProjectSection(ProjectDependencies) = postProject
		{44C74CD8-63D1-4638-8A08-830072E530F9} = {44C74CD8-63D1-4638-8A08-830072E530F9}
	EndProjectSection
EndProject
Project("{9A19103F-16F7-4668-BE54-9A1E7A4F7556}") = "ClassLibrary1", "ClassLibrary1\ClassLibrary1.csproj", "{8AE10BF7-5D7F-4594-9CAC-28B4400B3A32}"
EndProject
Project("{2150E333-8FDC-42A3-9474-1A3956D46DE8}") = "Section 3", "Section 3", "{7A63CED4-7A98-4859-9E77-2995B1113759}"
EndProject
Project("{9A19103F-16F7-4668-BE54-9A1E7A4F7556}") = "BaseApp", "BaseApp\BaseApp.csproj", "{A32B0855-10F3-4CED-B180-7CBDC3870F2A}"
EndProject
Project("{2150E333-8FDC-42A3-9474-1A3956D46DE8}") = "Section 4", "Section 4", "{9E95FF45-5DB2-44F3-BD60-723966611DDF}"
EndProject
Project("{FAE04EC0-301F-11D3-BF4B-00C04F79EFBC}") = "UnitTestProject", "UnitTestProject\UnitTestProject.csproj", "{FD8FCCF9-1422-445E-81DD-1320BA205DE9}"
EndProject
Project("{2150E333-8FDC-42A3-9474-1A3956D46DE8}") = "Section 5", "Section 5", "{79E0126E-3CF6-42E4-BF78-D4D652FD7D08}"
EndProject
Project("{9A19103F-16F7-4668-BE54-9A1E7A4F7556}") = "MathOperators", "MathOperators\MathOperators.csproj", "{A755FE3D-B849-4D33-8F61-855FEA98C233}"
EndProject
Project("{9A19103F-16F7-4668-BE54-9A1E7A4F7556}") = "SectionExam", "SectionExam\SectionExam.csproj", "{46D09E34-789B-45B7-8704-478EBA5C448B}"
EndProject
Project("{2150E333-8FDC-42A3-9474-1A3956D46DE8}") = "Section 6", "Section 6", "{C668CCF3-49B9-4460-9C89-9A4D5C51D298}"
EndProject
Project("{9A19103F-16F7-4668-BE54-9A1E7A4F7556}") = "ClassesAndMethods", "ClassesAndMethods\ClassesAndMethods.csproj", "{C439CBCA-F217-43D7-90F8-0090C9F2BAAF}"
EndProject
Project("{9A19103F-16F7-4668-BE54-9A1E7A4F7556}") = "SectionQuiz", "SectionQuiz\SectionQuiz.csproj", "{53E6E33A-6673-489D-8C42-ECFD95F131AE}"
EndProject
Project("{9A19103F-16F7-4668-BE54-9A1E7A4F7556}") = "SectionQuizTests", "SectionQuizTests\SectionQuizTests.csproj", "{C8647126-FC88-495D-9D59-D23480BB9CFF}"
	ProjectSection(ProjectDependencies) = postProject
		{53E6E33A-6673-489D-8C42-ECFD95F131AE} = {53E6E33A-6673-489D-8C42-ECFD95F131AE}
	EndProjectSection
EndProject
Project("{9A19103F-16F7-4668-BE54-9A1E7A4F7556}") = "EndOfSectionExam", "EndOfSectionExam\EndOfSectionExam.csproj", "{85886AD0-7FDE-4FBF-A69D-6D74DFD43F9D}"
EndProject
Project("{2150E333-8FDC-42A3-9474-1A3956D46DE8}") = "Section 7", "Section 7", "{21039672-D499-41E1-9233-71C85F2D4131}"
EndProject
Project("{9A19103F-16F7-4668-BE54-9A1E7A4F7556}") = "MidtermExam", "MidtermExam\MidtermExam.csproj", "{05D9BE56-DB51-4F3C-AB34-B95CD124A89A}"
EndProject
Project("{2150E333-8FDC-42A3-9474-1A3956D46DE8}") = "Section 8", "Section 8", "{558C9AA5-5F75-4221-BEA2-72C044204BA5}"
EndProject
Project("{9A19103F-16F7-4668-BE54-9A1E7A4F7556}") = "CodingQuiz", "CodingQuiz\CodingQuiz.csproj", "{AE31FBA4-A05E-4364-917D-6C543FC47C69}"
EndProject
Project("{9A19103F-16F7-4668-BE54-9A1E7A4F7556}") = "EndOfSectionEightExam", "EndOfSectionEightExam\EndOfSectionEightExam.csproj", "{456CC2D0-1570-46D2-95B2-715E16DA61E0}"
EndProject
Project("{2150E333-8FDC-42A3-9474-1A3956D46DE8}") = "Section 9", "Section 9", "{051800B5-E040-4859-9AD9-24D2E733FB19}"
EndProject
Project("{FAE04EC0-301F-11D3-BF4B-00C04F79EFBC}") = "SectionNineCodingQuiz", "SectionNineCodingQuiz\SectionNineCodingQuiz.csproj", "{CFF024C9-9D03-42EB-AA7D-880E9365F29C}"
EndProject
Global
	GlobalSection(SolutionConfigurationPlatforms) = preSolution
		Debug|Any CPU = Debug|Any CPU
		Release|Any CPU = Release|Any CPU
	EndGlobalSection
	GlobalSection(ProjectConfigurationPlatforms) = postSolution
		{44C74CD8-63D1-4638-8A08-830072E530F9}.Debug|Any CPU.ActiveCfg = Debug|Any CPU
		{44C74CD8-63D1-4638-8A08-830072E530F9}.Debug|Any CPU.Build.0 = Debug|Any CPU
		{44C74CD8-63D1-4638-8A08-830072E530F9}.Release|Any CPU.ActiveCfg = Release|Any CPU
		{44C74CD8-63D1-4638-8A08-830072E530F9}.Release|Any CPU.Build.0 = Release|Any CPU
		{20D3F873-8129-4387-84B9-6EC0BAB51A1F}.Debug|Any CPU.ActiveCfg = Debug|Any CPU
		{20D3F873-8129-4387-84B9-6EC0BAB51A1F}.Debug|Any CPU.Build.0 = Debug|Any CPU
		{20D3F873-8129-4387-84B9-6EC0BAB51A1F}.Release|Any CPU.ActiveCfg = Release|Any CPU
		{20D3F873-8129-4387-84B9-6EC0BAB51A1F}.Release|Any CPU.Build.0 = Release|Any CPU
		{8AE10BF7-5D7F-4594-9CAC-28B4400B3A32}.Debug|Any CPU.ActiveCfg = Debug|Any CPU
		{8AE10BF7-5D7F-4594-9CAC-28B4400B3A32}.Debug|Any CPU.Build.0 = Debug|Any CPU
		{8AE10BF7-5D7F-4594-9CAC-28B4400B3A32}.Release|Any CPU.ActiveCfg = Release|Any CPU
		{8AE10BF7-5D7F-4594-9CAC-28B4400B3A32}.Release|Any CPU.Build.0 = Release|Any CPU
		{A32B0855-10F3-4CED-B180-7CBDC3870F2A}.Debug|Any CPU.ActiveCfg = Debug|Any CPU
		{A32B0855-10F3-4CED-B180-7CBDC3870F2A}.Debug|Any CPU.Build.0 = Debug|Any CPU
		{A32B0855-10F3-4CED-B180-7CBDC3870F2A}.Release|Any CPU.ActiveCfg = Release|Any CPU
		{A32B0855-10F3-4CED-B180-7CBDC3870F2A}.Release|Any CPU.Build.0 = Release|Any CPU
		{FD8FCCF9-1422-445E-81DD-1320BA205DE9}.Debug|Any CPU.ActiveCfg = Debug|Any CPU
		{FD8FCCF9-1422-445E-81DD-1320BA205DE9}.Debug|Any CPU.Build.0 = Debug|Any CPU
		{FD8FCCF9-1422-445E-81DD-1320BA205DE9}.Release|Any CPU.ActiveCfg = Release|Any CPU
		{FD8FCCF9-1422-445E-81DD-1320BA205DE9}.Release|Any CPU.Build.0 = Release|Any CPU
		{A755FE3D-B849-4D33-8F61-855FEA98C233}.Debug|Any CPU.ActiveCfg = Debug|Any CPU
		{A755FE3D-B849-4D33-8F61-855FEA98C233}.Debug|Any CPU.Build.0 = Debug|Any CPU
		{A755FE3D-B849-4D33-8F61-855FEA98C233}.Release|Any CPU.ActiveCfg = Release|Any CPU
		{A755FE3D-B849-4D33-8F61-855FEA98C233}.Release|Any CPU.Build.0 = Release|Any CPU
		{46D09E34-789B-45B7-8704-478EBA5C448B}.Debug|Any CPU.ActiveCfg = Debug|Any CPU
		{46D09E34-789B-45B7-8704-478EBA5C448B}.Debug|Any CPU.Build.0 = Debug|Any CPU
		{46D09E34-789B-45B7-8704-478EBA5C448B}.Release|Any CPU.ActiveCfg = Release|Any CPU
		{46D09E34-789B-45B7-8704-478EBA5C448B}.Release|Any CPU.Build.0 = Release|Any CPU
		{C439CBCA-F217-43D7-90F8-0090C9F2BAAF}.Debug|Any CPU.ActiveCfg = Debug|Any CPU
		{C439CBCA-F217-43D7-90F8-0090C9F2BAAF}.Debug|Any CPU.Build.0 = Debug|Any CPU
		{C439CBCA-F217-43D7-90F8-0090C9F2BAAF}.Release|Any CPU.ActiveCfg = Release|Any CPU
		{C439CBCA-F217-43D7-90F8-0090C9F2BAAF}.Release|Any CPU.Build.0 = Release|Any CPU
		{53E6E33A-6673-489D-8C42-ECFD95F131AE}.Debug|Any CPU.ActiveCfg = Debug|Any CPU
		{53E6E33A-6673-489D-8C42-ECFD95F131AE}.Debug|Any CPU.Build.0 = Debug|Any CPU
		{53E6E33A-6673-489D-8C42-ECFD95F131AE}.Release|Any CPU.ActiveCfg = Release|Any CPU
		{53E6E33A-6673-489D-8C42-ECFD95F131AE}.Release|Any CPU.Build.0 = Release|Any CPU
		{C8647126-FC88-495D-9D59-D23480BB9CFF}.Debug|Any CPU.ActiveCfg = Debug|Any CPU
		{C8647126-FC88-495D-9D59-D23480BB9CFF}.Debug|Any CPU.Build.0 = Debug|Any CPU
		{C8647126-FC88-495D-9D59-D23480BB9CFF}.Release|Any CPU.ActiveCfg = Release|Any CPU
		{C8647126-FC88-495D-9D59-D23480BB9CFF}.Release|Any CPU.Build.0 = Release|Any CPU
		{85886AD0-7FDE-4FBF-A69D-6D74DFD43F9D}.Debug|Any CPU.ActiveCfg = Debug|Any CPU
		{85886AD0-7FDE-4FBF-A69D-6D74DFD43F9D}.Debug|Any CPU.Build.0 = Debug|Any CPU
		{85886AD0-7FDE-4FBF-A69D-6D74DFD43F9D}.Release|Any CPU.ActiveCfg = Release|Any CPU
		{85886AD0-7FDE-4FBF-A69D-6D74DFD43F9D}.Release|Any CPU.Build.0 = Release|Any CPU
		{05D9BE56-DB51-4F3C-AB34-B95CD124A89A}.Debug|Any CPU.ActiveCfg = Debug|Any CPU
		{05D9BE56-DB51-4F3C-AB34-B95CD124A89A}.Debug|Any CPU.Build.0 = Debug|Any CPU
		{05D9BE56-DB51-4F3C-AB34-B95CD124A89A}.Release|Any CPU.ActiveCfg = Release|Any CPU
		{05D9BE56-DB51-4F3C-AB34-B95CD124A89A}.Release|Any CPU.Build.0 = Release|Any CPU
		{AE31FBA4-A05E-4364-917D-6C543FC47C69}.Debug|Any CPU.ActiveCfg = Debug|Any CPU
		{AE31FBA4-A05E-4364-917D-6C543FC47C69}.Debug|Any CPU.Build.0 = Debug|Any CPU
		{AE31FBA4-A05E-4364-917D-6C543FC47C69}.Release|Any CPU.ActiveCfg = Release|Any CPU
		{AE31FBA4-A05E-4364-917D-6C543FC47C69}.Release|Any CPU.Build.0 = Release|Any CPU
		{456CC2D0-1570-46D2-95B2-715E16DA61E0}.Debug|Any CPU.ActiveCfg = Debug|Any CPU
		{456CC2D0-1570-46D2-95B2-715E16DA61E0}.Debug|Any CPU.Build.0 = Debug|Any CPU
		{456CC2D0-1570-46D2-95B2-715E16DA61E0}.Release|Any CPU.ActiveCfg = Release|Any CPU
		{456CC2D0-1570-46D2-95B2-715E16DA61E0}.Release|Any CPU.Build.0 = Release|Any CPU
		{CFF024C9-9D03-42EB-AA7D-880E9365F29C}.Debug|Any CPU.ActiveCfg = Debug|Any CPU
		{CFF024C9-9D03-42EB-AA7D-880E9365F29C}.Debug|Any CPU.Build.0 = Debug|Any CPU
		{CFF024C9-9D03-42EB-AA7D-880E9365F29C}.Release|Any CPU.ActiveCfg = Release|Any CPU
		{CFF024C9-9D03-42EB-AA7D-880E9365F29C}.Release|Any CPU.Build.0 = Release|Any CPU
	EndGlobalSection
	GlobalSection(SolutionProperties) = preSolution
		HideSolutionNode = FALSE
	EndGlobalSection
	GlobalSection(NestedProjects) = preSolution
		{44C74CD8-63D1-4638-8A08-830072E530F9} = {46AA9EE3-CA97-40B6-A9AD-E61C071ADFBA}
		{20D3F873-8129-4387-84B9-6EC0BAB51A1F} = {46AA9EE3-CA97-40B6-A9AD-E61C071ADFBA}
		{8AE10BF7-5D7F-4594-9CAC-28B4400B3A32} = {46AA9EE3-CA97-40B6-A9AD-E61C071ADFBA}
		{A32B0855-10F3-4CED-B180-7CBDC3870F2A} = {7A63CED4-7A98-4859-9E77-2995B1113759}
		{FD8FCCF9-1422-445E-81DD-1320BA205DE9} = {9E95FF45-5DB2-44F3-BD60-723966611DDF}
		{A755FE3D-B849-4D33-8F61-855FEA98C233} = {79E0126E-3CF6-42E4-BF78-D4D652FD7D08}
		{46D09E34-789B-45B7-8704-478EBA5C448B} = {79E0126E-3CF6-42E4-BF78-D4D652FD7D08}
		{C439CBCA-F217-43D7-90F8-0090C9F2BAAF} = {C668CCF3-49B9-4460-9C89-9A4D5C51D298}
		{53E6E33A-6673-489D-8C42-ECFD95F131AE} = {C668CCF3-49B9-4460-9C89-9A4D5C51D298}
		{C8647126-FC88-495D-9D59-D23480BB9CFF} = {C668CCF3-49B9-4460-9C89-9A4D5C51D298}
		{85886AD0-7FDE-4FBF-A69D-6D74DFD43F9D} = {C668CCF3-49B9-4460-9C89-9A4D5C51D298}
		{05D9BE56-DB51-4F3C-AB34-B95CD124A89A} = {21039672-D499-41E1-9233-71C85F2D4131}
		{AE31FBA4-A05E-4364-917D-6C543FC47C69} = {558C9AA5-5F75-4221-BEA2-72C044204BA5}
		{456CC2D0-1570-46D2-95B2-715E16DA61E0} = {558C9AA5-5F75-4221-BEA2-72C044204BA5}
		{CFF024C9-9D03-42EB-AA7D-880E9365F29C} = {051800B5-E040-4859-9AD9-24D2E733FB19}
	EndGlobalSection
	GlobalSection(ExtensibilityGlobals) = postSolution
		SolutionGuid = {37484422-5860-4CFF-8C2F-69EC334EC03D}
	EndGlobalSection
EndGlobal
